
Microsoft Visual Studio Solution File, Format Version 12.00
# Visual Studio 2012
Project("{FAE04EC0-301F-11D3-BF4B-00C04F79EFBC}") = "OohLaLogAdapter", "OohLaLogAdapter\OohLaLogAdapter.csproj", "{D43719A3-9D28-41A3-9903-B9CDD78A5C57}"
EndProject
Project("{FAE04EC0-301F-11D3-BF4B-00C04F79EFBC}") = "OohLaLogAdapterTest", "OohLaLogAdapterTest\OohLaLogAdapterTest.csproj", "{B48C91A9-7A09-4992-908E-8BB72568AE7B}"
EndProject
Global
	GlobalSection(SolutionConfigurationPlatforms) = preSolution
		Debug|Any CPU = Debug|Any CPU
		Release|Any CPU = Release|Any CPU
	EndGlobalSection
	GlobalSection(ProjectConfigurationPlatforms) = postSolution
		{D43719A3-9D28-41A3-9903-B9CDD78A5C57}.Debug|Any CPU.ActiveCfg = Debug|Any CPU
		{D43719A3-9D28-41A3-9903-B9CDD78A5C57}.Debug|Any CPU.Build.0 = Debug|Any CPU
		{D43719A3-9D28-41A3-9903-B9CDD78A5C57}.Release|Any CPU.ActiveCfg = Release|Any CPU
		{D43719A3-9D28-41A3-9903-B9CDD78A5C57}.Release|Any CPU.Build.0 = Release|Any CPU
		{B48C91A9-7A09-4992-908E-8BB72568AE7B}.Debug|Any CPU.ActiveCfg = Debug|Any CPU
		{B48C91A9-7A09-4992-908E-8BB72568AE7B}.Debug|Any CPU.Build.0 = Debug|Any CPU
		{B48C91A9-7A09-4992-908E-8BB72568AE7B}.Release|Any CPU.ActiveCfg = Release|Any CPU
		{B48C91A9-7A09-4992-908E-8BB72568AE7B}.Release|Any CPU.Build.0 = Release|Any CPU
	EndGlobalSection
	GlobalSection(SolutionProperties) = preSolution
		HideSolutionNode = FALSE
	EndGlobalSection
EndGlobal
